# This file was autogenerated by Stack.
# You should not edit this file by hand.
# For more information, please see the documentation at:
#   https://docs.haskellstack.org/en/stable/lock_files

packages:
- completed:
    cabal-file:
      size: 1745
      sha256: a1eb07a8d03dc04297f246316e84e3119ad73d4e99a72507df5491afdecfb8a9
    name: pdeprelude
    version: 0.2.0.0
    git: https://github.com/10Pines/pdepreludat.git
    pantry-tree:
      size: 1682
      sha256: fbaf57c41b23742ab39e4071507cafb8c79a504f2e3ad28810d91aa1b1ec0e96
    commit: 221ed28b20c7d52be1176df77afb3e018c36f4a2
  original:
    git: https://github.com/10Pines/pdepreludat.git
    commit: 221ed28b20c7d52be1176df77afb3e018c36f4a2
snapshots:
- completed:
    size: 491373
    url: https://raw.githubusercontent.com/commercialhaskell/stackage-snapshots/master/lts/15/3.yaml
    sha256: 29e9ff61b8bf4b4fcff55cde3ac106ebb971f0d21331dccac9eee63374fa6ca8
  original: lts-15.3
